
Microsoft Visual Studio Solution File, Format Version 12.00
# Visual Studio Version 16
VisualStudioVersion = 16.0.29806.167
MinimumVisualStudioVersion = 10.0.40219.1
Project("{8BC9CEB8-8B4A-11D0-8D11-00A0C91BC942}") = "A1014", "A1014.vcxproj", "{3FEFEC84-433A-4218-ACBD-C56ECB36E9EE}"
EndProject
Global
	GlobalSection(SolutionConfigurationPlatforms) = preSolution
		Debug|x64 = Debug|x64
		Debug|x86 = Debug|x86
		Release|x64 = Release|x64
		Release|x86 = Release|x86
	EndGlobalSection
	GlobalSection(ProjectConfigurationPlatforms) = postSolution
		{3FEFEC84-433A-4218-ACBD-C56ECB36E9EE}.Debug|x64.ActiveCfg = Debug|x64
		{3FEFEC84-433A-4218-ACBD-C56ECB36E9EE}.Debug|x64.Build.0 = Debug|x64
		{3FEFEC84-433A-4218-ACBD-C56ECB36E9EE}.Debug|x86.ActiveCfg = Debug|Win32
		{3FEFEC84-433A-4218-ACBD-C56ECB36E9EE}.Debug|x86.Build.0 = Debug|Win32
		{3FEFEC84-433A-4218-ACBD-C56ECB36E9EE}.Release|x64.ActiveCfg = Release|x64
		{3FEFEC84-433A-4218-ACBD-C56ECB36E9EE}.Release|x64.Build.0 = Release|x64
		{3FEFEC84-433A-4218-ACBD-C56ECB36E9EE}.Release|x86.ActiveCfg = Release|Win32
		{3FEFEC84-433A-4218-ACBD-C56ECB36E9EE}.Release|x86.Build.0 = Release|Win32
	EndGlobalSection
	GlobalSection(SolutionProperties) = preSolution
		HideSolutionNode = FALSE
	EndGlobalSection
	GlobalSection(ExtensibilityGlobals) = postSolution
		SolutionGuid = {49BF658B-FD08-41E3-9E77-1DF338DDABC3}
	EndGlobalSection
EndGlobal
