
Microsoft Visual Studio Solution File, Format Version 12.00
# Visual Studio Version 16
VisualStudioVersion = 16.0.29806.167
MinimumVisualStudioVersion = 10.0.40219.1
Project("{8BC9CEB8-8B4A-11D0-8D11-00A0C91BC942}") = "A1003", "A1003.vcxproj", "{DF35768D-2B30-4E75-B3ED-19E1D17C11B5}"
EndProject
Global
	GlobalSection(SolutionConfigurationPlatforms) = preSolution
		Debug|x64 = Debug|x64
		Debug|x86 = Debug|x86
		Release|x64 = Release|x64
		Release|x86 = Release|x86
	EndGlobalSection
	GlobalSection(ProjectConfigurationPlatforms) = postSolution
		{DF35768D-2B30-4E75-B3ED-19E1D17C11B5}.Debug|x64.ActiveCfg = Debug|x64
		{DF35768D-2B30-4E75-B3ED-19E1D17C11B5}.Debug|x64.Build.0 = Debug|x64
		{DF35768D-2B30-4E75-B3ED-19E1D17C11B5}.Debug|x86.ActiveCfg = Debug|Win32
		{DF35768D-2B30-4E75-B3ED-19E1D17C11B5}.Debug|x86.Build.0 = Debug|Win32
		{DF35768D-2B30-4E75-B3ED-19E1D17C11B5}.Release|x64.ActiveCfg = Release|x64
		{DF35768D-2B30-4E75-B3ED-19E1D17C11B5}.Release|x64.Build.0 = Release|x64
		{DF35768D-2B30-4E75-B3ED-19E1D17C11B5}.Release|x86.ActiveCfg = Release|Win32
		{DF35768D-2B30-4E75-B3ED-19E1D17C11B5}.Release|x86.Build.0 = Release|Win32
	EndGlobalSection
	GlobalSection(SolutionProperties) = preSolution
		HideSolutionNode = FALSE
	EndGlobalSection
	GlobalSection(ExtensibilityGlobals) = postSolution
		SolutionGuid = {5E6D4BFB-E1A0-4E2A-BA85-89977D728097}
	EndGlobalSection
EndGlobal
